
Microsoft Visual Studio Solution File, Format Version 12.00
# Visual Studio Version 17
VisualStudioVersion = 17.6.33815.320
MinimumVisualStudioVersion = 10.0.40219.1
Project("{FAE04EC0-301F-11D3-BF4B-00C04F79EFBC}") = "darweeshapi", "darweeshapi.csproj", "{C873C73B-1EB0-46A7-8767-3E1F7C56F704}"
EndProject
Global
	GlobalSection(SolutionConfigurationPlatforms) = preSolution
		Debug|Any CPU = Debug|Any CPU
		Release|Any CPU = Release|Any CPU
	EndGlobalSection
	GlobalSection(ProjectConfigurationPlatforms) = postSolution
		{C873C73B-1EB0-46A7-8767-3E1F7C56F704}.Debug|Any CPU.ActiveCfg = Debug|Any CPU
		{C873C73B-1EB0-46A7-8767-3E1F7C56F704}.Debug|Any CPU.Build.0 = Debug|Any CPU
		{C873C73B-1EB0-46A7-8767-3E1F7C56F704}.Release|Any CPU.ActiveCfg = Release|Any CPU
		{C873C73B-1EB0-46A7-8767-3E1F7C56F704}.Release|Any CPU.Build.0 = Release|Any CPU
	EndGlobalSection
	GlobalSection(SolutionProperties) = preSolution
		HideSolutionNode = FALSE
	EndGlobalSection
	GlobalSection(ExtensibilityGlobals) = postSolution
		SolutionGuid = {90F9EA0A-D28F-4868-BCC4-A912F66E26E4}
	EndGlobalSection
EndGlobal
